
Microsoft Visual Studio Solution File, Format Version 12.00
# Visual Studio Version 16
VisualStudioVersion = 16.0.29911.84
MinimumVisualStudioVersion = 10.0.40219.1
Project("{9A19103F-16F7-4668-BE54-9A1E7A4F7556}") = "Incidents-Api", "Incidents-Api.csproj", "{B2DF3E8D-E66F-4D23-9CAB-E0FABF6EADC4}"
EndProject
Project("{2150E333-8FDC-42A3-9474-1A3956D46DE8}") = "src", "src", "{8FBCC3BE-6716-4CD1-9584-B222394099D6}"
EndProject
Global
	GlobalSection(SolutionConfigurationPlatforms) = preSolution
		Debug|Any CPU = Debug|Any CPU
		Release|Any CPU = Release|Any CPU
	EndGlobalSection
	GlobalSection(ProjectConfigurationPlatforms) = postSolution
		{B2DF3E8D-E66F-4D23-9CAB-E0FABF6EADC4}.Debug|Any CPU.ActiveCfg = Debug|Any CPU
		{B2DF3E8D-E66F-4D23-9CAB-E0FABF6EADC4}.Debug|Any CPU.Build.0 = Debug|Any CPU
		{B2DF3E8D-E66F-4D23-9CAB-E0FABF6EADC4}.Release|Any CPU.ActiveCfg = Release|Any CPU
		{B2DF3E8D-E66F-4D23-9CAB-E0FABF6EADC4}.Release|Any CPU.Build.0 = Release|Any CPU
	EndGlobalSection
	GlobalSection(SolutionProperties) = preSolution
		HideSolutionNode = FALSE
	EndGlobalSection
	GlobalSection(NestedProjects) = preSolution
		{B2DF3E8D-E66F-4D23-9CAB-E0FABF6EADC4} = {8FBCC3BE-6716-4CD1-9584-B222394099D6}
	EndGlobalSection
	GlobalSection(ExtensibilityGlobals) = postSolution
		SolutionGuid = {8A502D4E-43AD-4944-B47F-B0C26944AAAE}
	EndGlobalSection
EndGlobal
